// !$*UTF8*$!
{
	archiveVersion = 1;
	classes = {
	};
	objectVersion = 56;
	objects = {

/* Begin PBXBuildFile section */
		FA0386AA2A425C77005F2059 /* book-2.json in Resources */ = {isa = PBXBuildFile; fileRef = FA0386A92A425C77005F2059 /* book-2.json */; };
		FA0386AC2A427679005F2059 /* Color+UIColor+Extension.swift in Sources */ = {isa = PBXBuildFile; fileRef = FA0386AB2A427679005F2059 /* Color+UIColor+Extension.swift */; };
		FA0C01522A3CEF2100625CE6 /* AllCharactersTabView.swift in Sources */ = {isa = PBXBuildFile; fileRef = FA0C01512A3CEF2100625CE6 /* AllCharactersTabView.swift */; };
		FA0C01562A3D259B00625CE6 /* SortMenuView.swift in Sources */ = {isa = PBXBuildFile; fileRef = FA0C01552A3D259B00625CE6 /* SortMenuView.swift */; };
		FA0C01582A42412800625CE6 /* ChaptersTabView.swift in Sources */ = {isa = PBXBuildFile; fileRef = FA0C01572A42412700625CE6 /* ChaptersTabView.swift */; };
		FA0C015A2A4241D900625CE6 /* CharactersListView.swift in Sources */ = {isa = PBXBuildFile; fileRef = FA0C01592A4241D900625CE6 /* CharactersListView.swift */; };
		FA0C015C2A42425D00625CE6 /* ChapterCellView.swift in Sources */ = {isa = PBXBuildFile; fileRef = FA0C015B2A42425D00625CE6 /* ChapterCellView.swift */; };
		FA0C015E2A42433900625CE6 /* CharacterCellView.swift in Sources */ = {isa = PBXBuildFile; fileRef = FA0C015D2A42433900625CE6 /* CharacterCellView.swift */; };
		FA51C0A12A394E38002EC274 /* WheelApp.swift in Sources */ = {isa = PBXBuildFile; fileRef = FA51C0A02A394E38002EC274 /* WheelApp.swift */; };
		FA51C0A32A394E38002EC274 /* ContentView.swift in Sources */ = {isa = PBXBuildFile; fileRef = FA51C0A22A394E38002EC274 /* ContentView.swift */; };
		FA51C0A52A394E46002EC274 /* Assets.xcassets in Resources */ = {isa = PBXBuildFile; fileRef = FA51C0A42A394E46002EC274 /* Assets.xcassets */; };
		FA51C0A92A394E46002EC274 /* Preview Assets.xcassets in Resources */ = {isa = PBXBuildFile; fileRef = FA51C0A82A394E46002EC274 /* Preview Assets.xcassets */; };
		FA51C0BF2A394EB6002EC274 /* book-1.json in Resources */ = {isa = PBXBuildFile; fileRef = FA51C0B02A394EB4002EC274 /* book-1.json */; };
		FA51C0CF2A394F5A002EC274 /* Model.swift in Sources */ = {isa = PBXBuildFile; fileRef = FA51C0CE2A394F5A002EC274 /* Model.swift */; };
/* End PBXBuildFile section */

/* Begin PBXFileReference section */
		FA0386A92A425C77005F2059 /* book-2.json */ = {isa = PBXFileReference; fileEncoding = 4; lastKnownFileType = text.json; path = "book-2.json"; sourceTree = "<group>"; };
		FA0386AB2A427679005F2059 /* Color+UIColor+Extension.swift */ = {isa = PBXFileReference; lastKnownFileType = sourcecode.swift; path = "Color+UIColor+Extension.swift"; sourceTree = "<group>"; };
		FA0C01512A3CEF2100625CE6 /* AllCharactersTabView.swift */ = {isa = PBXFileReference; lastKnownFileType = sourcecode.swift; path = AllCharactersTabView.swift; sourceTree = "<group>"; };
		FA0C01552A3D259B00625CE6 /* SortMenuView.swift */ = {isa = PBXFileReference; lastKnownFileType = sourcecode.swift; path = SortMenuView.swift; sourceTree = "<group>"; };
		FA0C01572A42412700625CE6 /* ChaptersTabView.swift */ = {isa = PBXFileReference; lastKnownFileType = sourcecode.swift; path = ChaptersTabView.swift; sourceTree = "<group>"; };
		FA0C01592A4241D900625CE6 /* CharactersListView.swift */ = {isa = PBXFileReference; lastKnownFileType = sourcecode.swift; path = CharactersListView.swift; sourceTree = "<group>"; };
		FA0C015B2A42425D00625CE6 /* ChapterCellView.swift */ = {isa = PBXFileReference; lastKnownFileType = sourcecode.swift; path = ChapterCellView.swift; sourceTree = "<group>"; };
		FA0C015D2A42433900625CE6 /* CharacterCellView.swift */ = {isa = PBXFileReference; lastKnownFileType = sourcecode.swift; path = CharacterCellView.swift; sourceTree = "<group>"; };
		FA51C09D2A394E38002EC274 /* Wheel.app */ = {isa = PBXFileReference; explicitFileType = wrapper.application; includeInIndex = 0; path = Wheel.app; sourceTree = BUILT_PRODUCTS_DIR; };
		FA51C0A02A394E38002EC274 /* WheelApp.swift */ = {isa = PBXFileReference; lastKnownFileType = sourcecode.swift; path = WheelApp.swift; sourceTree = "<group>"; };
		FA51C0A22A394E38002EC274 /* ContentView.swift */ = {isa = PBXFileReference; lastKnownFileType = sourcecode.swift; path = ContentView.swift; sourceTree = "<group>"; };
		FA51C0A42A394E46002EC274 /* Assets.xcassets */ = {isa = PBXFileReference; lastKnownFileType = folder.assetcatalog; path = Assets.xcassets; sourceTree = "<group>"; };
		FA51C0A62A394E46002EC274 /* Wheel.entitlements */ = {isa = PBXFileReference; lastKnownFileType = text.plist.entitlements; path = Wheel.entitlements; sourceTree = "<group>"; };
		FA51C0A82A394E46002EC274 /* Preview Assets.xcassets */ = {isa = PBXFileReference; lastKnownFileType = folder.assetcatalog; path = "Preview Assets.xcassets"; sourceTree = "<group>"; };
		FA51C0B02A394EB4002EC274 /* book-1.json */ = {isa = PBXFileReference; fileEncoding = 4; lastKnownFileType = text.json; path = "book-1.json"; sourceTree = "<group>"; };
		FA51C0CE2A394F5A002EC274 /* Model.swift */ = {isa = PBXFileReference; lastKnownFileType = sourcecode.swift; path = Model.swift; sourceTree = "<group>"; };
/* End PBXFileReference section */

/* Begin PBXFrameworksBuildPhase section */
		FA51C09A2A394E38002EC274 /* Frameworks */ = {
			isa = PBXFrameworksBuildPhase;
			buildActionMask = 2147483647;
			files = (
			);
			runOnlyForDeploymentPostprocessing = 0;
		};
/* End PBXFrameworksBuildPhase section */

/* Begin PBXGroup section */
		FA51C0942A394E37002EC274 = {
			isa = PBXGroup;
			children = (
				FA51C09F2A394E38002EC274 /* Wheel */,
				FA51C09E2A394E38002EC274 /* Products */,
			);
			sourceTree = "<group>";
		};
		FA51C09E2A394E38002EC274 /* Products */ = {
			isa = PBXGroup;
			children = (
				FA51C09D2A394E38002EC274 /* Wheel.app */,
			);
			name = Products;
			sourceTree = "<group>";
		};
		FA51C09F2A394E38002EC274 /* Wheel */ = {
			isa = PBXGroup;
			children = (
				FA51C0AF2A394E93002EC274 /* Resources */,
				FA51C0A02A394E38002EC274 /* WheelApp.swift */,
				FA51C0A22A394E38002EC274 /* ContentView.swift */,
				FAFCA3592A424EEF00E89E59 /* CellViews */,
				FAFCA35A2A424EFA00E89E59 /* ListViews */,
				FAFCA3582A424B9900E89E59 /* TabViews */,
				FAFCA35B2A424F0400E89E59 /* HelperViews */,
				FAFCA35C2A424F1000E89E59 /* Model */,
				FA51C0A42A394E46002EC274 /* Assets.xcassets */,
				FA51C0A62A394E46002EC274 /* Wheel.entitlements */,
				FA51C0A72A394E46002EC274 /* Preview Content */,
				FA0386AB2A427679005F2059 /* Color+UIColor+Extension.swift */,
			);
			path = Wheel;
			sourceTree = "<group>";
		};
		FA51C0A72A394E46002EC274 /* Preview Content */ = {
			isa = PBXGroup;
			children = (
				FA51C0A82A394E46002EC274 /* Preview Assets.xcassets */,
			);
			path = "Preview Content";
			sourceTree = "<group>";
		};
		FA51C0AF2A394E93002EC274 /* Resources */ = {
			isa = PBXGroup;
			children = (
				FA51C0B02A394EB4002EC274 /* book-1.json */,
				FA0386A92A425C77005F2059 /* book-2.json */,
			);
			path = Resources;
			sourceTree = "<group>";
		};
		FAFCA3582A424B9900E89E59 /* TabViews */ = {
			isa = PBXGroup;
			children = (
				FA0C01572A42412700625CE6 /* ChaptersTabView.swift */,
				FA0C01512A3CEF2100625CE6 /* AllCharactersTabView.swift */,
			);
			path = TabViews;
			sourceTree = "<group>";
		};
		FAFCA3592A424EEF00E89E59 /* CellViews */ = {
			isa = PBXGroup;
			children = (
				FA0C015B2A42425D00625CE6 /* ChapterCellView.swift */,
				FA0C015D2A42433900625CE6 /* CharacterCellView.swift */,
			);
			path = CellViews;
			sourceTree = "<group>";
		};
		FAFCA35A2A424EFA00E89E59 /* ListViews */ = {
			isa = PBXGroup;
			children = (
				FA0C01592A4241D900625CE6 /* CharactersListView.swift */,
			);
			path = ListViews;
			sourceTree = "<group>";
		};
		FAFCA35B2A424F0400E89E59 /* HelperViews */ = {
			isa = PBXGroup;
			children = (
				FA0C01552A3D259B00625CE6 /* SortMenuView.swift */,
			);
			path = HelperViews;
			sourceTree = "<group>";
		};
		FAFCA35C2A424F1000E89E59 /* Model */ = {
			isa = PBXGroup;
			children = (
				FA51C0CE2A394F5A002EC274 /* Model.swift */,
			);
			path = Model;
			sourceTree = "<group>";
		};
/* End PBXGroup section */

/* Begin PBXNativeTarget section */
		FA51C09C2A394E38002EC274 /* Wheel */ = {
			isa = PBXNativeTarget;
			buildConfigurationList = FA51C0AC2A394E46002EC274 /* Build configuration list for PBXNativeTarget "Wheel" */;
			buildPhases = (
				FA51C0992A394E38002EC274 /* Sources */,
				FA51C09A2A394E38002EC274 /* Frameworks */,
				FA51C09B2A394E38002EC274 /* Resources */,
			);
			buildRules = (
			);
			dependencies = (
			);
			name = Wheel;
			productName = Wheel;
			productReference = FA51C09D2A394E38002EC274 /* Wheel.app */;
			productType = "com.apple.product-type.application";
		};
/* End PBXNativeTarget section */

/* Begin PBXProject section */
		FA51C0952A394E37002EC274 /* Project object */ = {
			isa = PBXProject;
			attributes = {
				BuildIndependentTargetsInParallel = 1;
				LastSwiftUpdateCheck = 1430;
				LastUpgradeCheck = 1430;
				TargetAttributes = {
					FA51C09C2A394E38002EC274 = {
						CreatedOnToolsVersion = 14.3;
					};
				};
			};
			buildConfigurationList = FA51C0982A394E37002EC274 /* Build configuration list for PBXProject "Wheel" */;
			compatibilityVersion = "Xcode 14.0";
			developmentRegion = en;
			hasScannedForEncodings = 0;
			knownRegions = (
				en,
				Base,
			);
			mainGroup = FA51C0942A394E37002EC274;
			productRefGroup = FA51C09E2A394E38002EC274 /* Products */;
			projectDirPath = "";
			projectRoot = "";
			targets = (
				FA51C09C2A394E38002EC274 /* Wheel */,
			);
		};
/* End PBXProject section */

/* Begin PBXResourcesBuildPhase section */
		FA51C09B2A394E38002EC274 /* Resources */ = {
			isa = PBXResourcesBuildPhase;
			buildActionMask = 2147483647;
			files = (
				FA51C0A92A394E46002EC274 /* Preview Assets.xcassets in Resources */,
				FA0386AA2A425C77005F2059 /* book-2.json in Resources */,
				FA51C0BF2A394EB6002EC274 /* book-1.json in Resources */,
				FA51C0A52A394E46002EC274 /* Assets.xcassets in Resources */,
			);
			runOnlyForDeploymentPostprocessing = 0;
		};
/* End PBXResourcesBuildPhase section */

/* Begin PBXSourcesBuildPhase section */
		FA51C0992A394E38002EC274 /* Sources */ = {
			isa = PBXSourcesBuildPhase;
			buildActionMask = 2147483647;
			files = (
				FA0C01582A42412800625CE6 /* ChaptersTabView.swift in Sources */,
				FA0386AC2A427679005F2059 /* Color+UIColor+Extension.swift in Sources */,
				FA0C01522A3CEF2100625CE6 /* AllCharactersTabView.swift in Sources */,
				FA0C015E2A42433900625CE6 /* CharacterCellView.swift in Sources */,
				FA0C015C2A42425D00625CE6 /* ChapterCellView.swift in Sources */,
				FA51C0CF2A394F5A002EC274 /* Model.swift in Sources */,
				FA0C01562A3D259B00625CE6 /* SortMenuView.swift in Sources */,
				FA0C015A2A4241D900625CE6 /* CharactersListView.swift in Sources */,
				FA51C0A32A394E38002EC274 /* ContentView.swift in Sources */,
				FA51C0A12A394E38002EC274 /* WheelApp.swift in Sources */,
			);
			runOnlyForDeploymentPostprocessing = 0;
		};
/* End PBXSourcesBuildPhase section */

/* Begin XCBuildConfiguration section */
		FA51C0AA2A394E46002EC274 /* Debug */ = {
			isa = XCBuildConfiguration;
			buildSettings = {
				ALWAYS_SEARCH_USER_PATHS = NO;
				CLANG_ANALYZER_NONNULL = YES;
				CLANG_ANALYZER_NUMBER_OBJECT_CONVERSION = YES_AGGRESSIVE;
				CLANG_CXX_LANGUAGE_STANDARD = "gnu++20";
				CLANG_ENABLE_MODULES = YES;
				CLANG_ENABLE_OBJC_ARC = YES;
				CLANG_ENABLE_OBJC_WEAK = YES;
				CLANG_WARN_BLOCK_CAPTURE_AUTORELEASING = YES;
				CLANG_WARN_BOOL_CONVERSION = YES;
				CLANG_WARN_COMMA = YES;
				CLANG_WARN_CONSTANT_CONVERSION = YES;
				CLANG_WARN_DEPRECATED_OBJC_IMPLEMENTATIONS = YES;
				CLANG_WARN_DIRECT_OBJC_ISA_USAGE = YES_ERROR;
				CLANG_WARN_DOCUMENTATION_COMMENTS = YES;
				CLANG_WARN_EMPTY_BODY = YES;
				CLANG_WARN_ENUM_CONVERSION = YES;
				CLANG_WARN_INFINITE_RECURSION = YES;
				CLANG_WARN_INT_CONVERSION = YES;
				CLANG_WARN_NON_LITERAL_NULL_CONVERSION = YES;
				CLANG_WARN_OBJC_IMPLICIT_RETAIN_SELF = YES;
				CLANG_WARN_OBJC_LITERAL_CONVERSION = YES;
				CLANG_WARN_OBJC_ROOT_CLASS = YES_ERROR;
				CLANG_WARN_QUOTED_INCLUDE_IN_FRAMEWORK_HEADER = YES;
				CLANG_WARN_RANGE_LOOP_ANALYSIS = YES;
				CLANG_WARN_STRICT_PROTOTYPES = YES;
				CLANG_WARN_SUSPICIOUS_MOVE = YES;
				CLANG_WARN_UNGUARDED_AVAILABILITY = YES_AGGRESSIVE;
				CLANG_WARN_UNREACHABLE_CODE = YES;
				CLANG_WARN__DUPLICATE_METHOD_MATCH = YES;
				COPY_PHASE_STRIP = NO;
				DEBUG_INFORMATION_FORMAT = dwarf;
				ENABLE_STRICT_OBJC_MSGSEND = YES;
				ENABLE_TESTABILITY = YES;
				GCC_C_LANGUAGE_STANDARD = gnu11;
				GCC_DYNAMIC_NO_PIC = NO;
				GCC_NO_COMMON_BLOCKS = YES;
				GCC_OPTIMIZATION_LEVEL = 0;
				GCC_PREPROCESSOR_DEFINITIONS = (
					"DEBUG=1",
					"$(inherited)",
				);
				GCC_WARN_64_TO_32_BIT_CONVERSION = YES;
				GCC_WARN_ABOUT_RETURN_TYPE = YES_ERROR;
				GCC_WARN_UNDECLARED_SELECTOR = YES;
				GCC_WARN_UNINITIALIZED_AUTOS = YES_AGGRESSIVE;
				GCC_WARN_UNUSED_FUNCTION = YES;
				GCC_WARN_UNUSED_VARIABLE = YES;
				MTL_ENABLE_DEBUG_INFO = INCLUDE_SOURCE;
				MTL_FAST_MATH = YES;
				ONLY_ACTIVE_ARCH = YES;
				SWIFT_ACTIVE_COMPILATION_CONDITIONS = DEBUG;
				SWIFT_OPTIMIZATION_LEVEL = "-Onone";
			};
			name = Debug;
		};
		FA51C0AB2A394E46002EC274 /* Release */ = {
			isa = XCBuildConfiguration;
			buildSettings = {
				ALWAYS_SEARCH_USER_PATHS = NO;
				CLANG_ANALYZER_NONNULL = YES;
				CLANG_ANALYZER_NUMBER_OBJECT_CONVERSION = YES_AGGRESSIVE;
				CLANG_CXX_LANGUAGE_STANDARD = "gnu++20";
				CLANG_ENABLE_MODULES = YES;
				CLANG_ENABLE_OBJC_ARC = YES;
				CLANG_ENABLE_OBJC_WEAK = YES;
				CLANG_WARN_BLOCK_CAPTURE_AUTORELEASING = YES;
				CLANG_WARN_BOOL_CONVERSION = YES;
				CLANG_WARN_COMMA = YES;
				CLANG_WARN_CONSTANT_CONVERSION = YES;
				CLANG_WARN_DEPRECATED_OBJC_IMPLEMENTATIONS = YES;
				CLANG_WARN_DIRECT_OBJC_ISA_USAGE = YES_ERROR;
				CLANG_WARN_DOCUMENTATION_COMMENTS = YES;
				CLANG_WARN_EMPTY_BODY = YES;
				CLANG_WARN_ENUM_CONVERSION = YES;
				CLANG_WARN_INFINITE_RECURSION = YES;
				CLANG_WARN_INT_CONVERSION = YES;
				CLANG_WARN_NON_LITERAL_NULL_CONVERSION = YES;
				CLANG_WARN_OBJC_IMPLICIT_RETAIN_SELF = YES;
				CLANG_WARN_OBJC_LITERAL_CONVERSION = YES;
				CLANG_WARN_OBJC_ROOT_CLASS = YES_ERROR;
				CLANG_WARN_QUOTED_INCLUDE_IN_FRAMEWORK_HEADER = YES;
				CLANG_WARN_RANGE_LOOP_ANALYSIS = YES;
				CLANG_WARN_STRICT_PROTOTYPES = YES;
				CLANG_WARN_SUSPICIOUS_MOVE = YES;
				CLANG_WARN_UNGUARDED_AVAILABILITY = YES_AGGRESSIVE;
				CLANG_WARN_UNREACHABLE_CODE = YES;
				CLANG_WARN__DUPLICATE_METHOD_MATCH = YES;
				COPY_PHASE_STRIP = NO;
				DEBUG_INFORMATION_FORMAT = "dwarf-with-dsym";
				ENABLE_NS_ASSERTIONS = NO;
				ENABLE_STRICT_OBJC_MSGSEND = YES;
				GCC_C_LANGUAGE_STANDARD = gnu11;
				GCC_NO_COMMON_BLOCKS = YES;
				GCC_WARN_64_TO_32_BIT_CONVERSION = YES;
				GCC_WARN_ABOUT_RETURN_TYPE = YES_ERROR;
				GCC_WARN_UNDECLARED_SELECTOR = YES;
				GCC_WARN_UNINITIALIZED_AUTOS = YES_AGGRESSIVE;
				GCC_WARN_UNUSED_FUNCTION = YES;
				GCC_WARN_UNUSED_VARIABLE = YES;
				MTL_ENABLE_DEBUG_INFO = NO;
				MTL_FAST_MATH = YES;
				SWIFT_COMPILATION_MODE = wholemodule;
				SWIFT_OPTIMIZATION_LEVEL = "-O";
			};
			name = Release;
		};
		FA51C0AD2A394E46002EC274 /* Debug */ = {
			isa = XCBuildConfiguration;
			buildSettings = {
				ASSETCATALOG_COMPILER_APPICON_NAME = AppIcon;
				ASSETCATALOG_COMPILER_GLOBAL_ACCENT_COLOR_NAME = AccentColor;
				CODE_SIGN_ENTITLEMENTS = Wheel/Wheel.entitlements;
				CODE_SIGN_STYLE = Automatic;
				CURRENT_PROJECT_VERSION = 1;
				DEVELOPMENT_ASSET_PATHS = "\"Wheel/Preview Content\"";
				DEVELOPMENT_TEAM = YBSZVA7CYQ;
				ENABLE_HARDENED_RUNTIME = YES;
				ENABLE_PREVIEWS = YES;
				GENERATE_INFOPLIST_FILE = YES;
				"INFOPLIST_KEY_UIApplicationSceneManifest_Generation[sdk=iphoneos*]" = YES;
				"INFOPLIST_KEY_UIApplicationSceneManifest_Generation[sdk=iphonesimulator*]" = YES;
				"INFOPLIST_KEY_UIApplicationSupportsIndirectInputEvents[sdk=iphoneos*]" = YES;
				"INFOPLIST_KEY_UIApplicationSupportsIndirectInputEvents[sdk=iphonesimulator*]" = YES;
				"INFOPLIST_KEY_UILaunchScreen_Generation[sdk=iphoneos*]" = YES;
				"INFOPLIST_KEY_UILaunchScreen_Generation[sdk=iphonesimulator*]" = YES;
				"INFOPLIST_KEY_UIStatusBarStyle[sdk=iphoneos*]" = UIStatusBarStyleDefault;
				"INFOPLIST_KEY_UIStatusBarStyle[sdk=iphonesimulator*]" = UIStatusBarStyleDefault;
				INFOPLIST_KEY_UISupportedInterfaceOrientations_iPad = "UIInterfaceOrientationPortrait UIInterfaceOrientationPortraitUpsideDown UIInterfaceOrientationLandscapeLeft UIInterfaceOrientationLandscapeRight";
				INFOPLIST_KEY_UISupportedInterfaceOrientations_iPhone = "UIInterfaceOrientationPortrait UIInterfaceOrientationLandscapeLeft UIInterfaceOrientationLandscapeRight";
				IPHONEOS_DEPLOYMENT_TARGET = 16.4;
				LD_RUNPATH_SEARCH_PATHS = "@executable_path/Frameworks";
				"LD_RUNPATH_SEARCH_PATHS[sdk=macosx*]" = "@executable_path/../Frameworks";
				MACOSX_DEPLOYMENT_TARGET = 13.3;
				MARKETING_VERSION = 1.0;
				PRODUCT_BUNDLE_IDENTIFIER = com.jmt.wheel.Wheel;
				PRODUCT_NAME = "$(TARGET_NAME)";
				SDKROOT = auto;
				SUPPORTED_PLATFORMS = "iphoneos iphonesimulator macosx";
				SWIFT_EMIT_LOC_STRINGS = YES;
				SWIFT_VERSION = 5.0;
				TARGETED_DEVICE_FAMILY = "1,2";
			};
			name = Debug;
		};
		FA51C0AE2A394E46002EC274 /* Release */ = {
			isa = XCBuildConfiguration;
			buildSettings = {
				ASSETCATALOG_COMPILER_APPICON_NAME = AppIcon;
				ASSETCATALOG_COMPILER_GLOBAL_ACCENT_COLOR_NAME = AccentColor;
				CODE_SIGN_ENTITLEMENTS = Wheel/Wheel.entitlements;
				CODE_SIGN_STYLE = Automatic;
				CURRENT_PROJECT_VERSION = 1;
				DEVELOPMENT_ASSET_PATHS = "\"Wheel/Preview Content\"";
				DEVELOPMENT_TEAM = YBSZVA7CYQ;
				ENABLE_HARDENED_RUNTIME = YES;
				ENABLE_PREVIEWS = YES;
				GENERATE_INFOPLIST_FILE = YES;
				"INFOPLIST_KEY_UIApplicationSceneManifest_Generation[sdk=iphoneos*]" = YES;
				"INFOPLIST_KEY_UIApplicationSceneManifest_Generation[sdk=iphonesimulator*]" = YES;
				"INFOPLIST_KEY_UIApplicationSupportsIndirectInputEvents[sdk=iphoneos*]" = YES;
				"INFOPLIST_KEY_UIApplicationSupportsIndirectInputEvents[sdk=iphonesimulator*]" = YES;
				"INFOPLIST_KEY_UILaunchScreen_Generation[sdk=iphoneos*]" = YES;
				"INFOPLIST_KEY_UILaunchScreen_Generation[sdk=iphonesimulator*]" = YES;
				"INFOPLIST_KEY_UIStatusBarStyle[sdk=iphoneos*]" = UIStatusBarStyleDefault;
				"INFOPLIST_KEY_UIStatusBarStyle[sdk=iphonesimulator*]" = UIStatusBarStyleDefault;
				INFOPLIST_KEY_UISupportedInterfaceOrientations_iPad = "UIInterfaceOrientationPortrait UIInterfaceOrientationPortraitUpsideDown UIInterfaceOrientationLandscapeLeft UIInterfaceOrientationLandscapeRight";
				INFOPLIST_KEY_UISupportedInterfaceOrientations_iPhone = "UIInterfaceOrientationPortrait UIInterfaceOrientationLandscapeLeft UIInterfaceOrientationLandscapeRight";
				IPHONEOS_DEPLOYMENT_TARGET = 16.4;
				LD_RUNPATH_SEARCH_PATHS = "@executable_path/Frameworks";
				"LD_RUNPATH_SEARCH_PATHS[sdk=macosx*]" = "@executable_path/../Frameworks";
				MACOSX_DEPLOYMENT_TARGET = 13.3;
				MARKETING_VERSION = 1.0;
				PRODUCT_BUNDLE_IDENTIFIER = com.jmt.wheel.Wheel;
				PRODUCT_NAME = "$(TARGET_NAME)";
				SDKROOT = auto;
				SUPPORTED_PLATFORMS = "iphoneos iphonesimulator macosx";
				SWIFT_EMIT_LOC_STRINGS = YES;
				SWIFT_VERSION = 5.0;
				TARGETED_DEVICE_FAMILY = "1,2";
			};
			name = Release;
		};
/* End XCBuildConfiguration section */

/* Begin XCConfigurationList section */
		FA51C0982A394E37002EC274 /* Build configuration list for PBXProject "Wheel" */ = {
			isa = XCConfigurationList;
			buildConfigurations = (
				FA51C0AA2A394E46002EC274 /* Debug */,
				FA51C0AB2A394E46002EC274 /* Release */,
			);
			defaultConfigurationIsVisible = 0;
			defaultConfigurationName = Release;
		};
		FA51C0AC2A394E46002EC274 /* Build configuration list for PBXNativeTarget "Wheel" */ = {
			isa = XCConfigurationList;
			buildConfigurations = (
				FA51C0AD2A394E46002EC274 /* Debug */,
				FA51C0AE2A394E46002EC274 /* Release */,
			);
			defaultConfigurationIsVisible = 0;
			defaultConfigurationName = Release;
		};
/* End XCConfigurationList section */
	};
	rootObject = FA51C0952A394E37002EC274 /* Project object */;
}
